{
  "lockfileVersion": 1,
  "workspaces": {
    "": {
      "name": "@aw1nger/create-next-fastly",
      "dependencies": {
        "chalk": "^5.4.1",
        "commander": "^13.1.0",
        "prettier": "^3.5.1",
      },
    },
  },
  "packages": {
    "chalk": ["chalk@5.4.1", "", {}, "sha512-zgVZuo2WcZgfUEmsn6eO3kINexW8RAE4maiQ8QNs8CtpPCSyMiYsULR3HQYkm3w8FIA3SberyMJMSldGsW+U3w=="],

    "commander": ["commander@13.1.0", "", {}, "sha512-/rFeCpNJQbhSZjGVwO9RFV3xPqbnERS8MmIQzCtD/zl6gpJuV/bMLuN92oG3F7d8oDEHHRrujSXNUr8fpjntKw=="],

    "prettier": ["prettier@3.5.2", "", { "bin": { "prettier": "bin/prettier.cjs" } }, "sha512-lc6npv5PH7hVqozBR7lkBNOGXV9vMwROAPlumdBkX0wTbbzPu/U1hk5yL8p2pt4Xoc+2mkT8t/sow2YrV/M5qg=="],
  }
}
